{
  "nodes": {
    "flake-utils": {
      "locked": {
        "lastModified": 1648297722,
        "narHash": "sha256-W+qlPsiZd8F3XkzXOzAoR+mpFqzm3ekQkJNa+PIh1BQ=",
        "owner": "numtide",
        "repo": "flake-utils",
        "rev": "0f8662f1319ad6abf89b3380dd2722369fc51ade",
        "type": "github"
      },
      "original": {
        "owner": "numtide",
        "repo": "flake-utils",
        "type": "github"
      }
    },
    "flake-utils_2": {
      "locked": {
        "lastModified": 1637014545,
        "narHash": "sha256-26IZAc5yzlD9FlDT54io1oqG/bBoyka+FJk5guaX4x4=",
        "owner": "numtide",
        "repo": "flake-utils",
        "rev": "bba5dcc8e0b20ab664967ad83d24d64cb64ec4f4",
        "type": "github"
      },
      "original": {
        "owner": "numtide",
        "repo": "flake-utils",
        "type": "github"
      }
    },
    "naersk": {
      "inputs": {
        "nixpkgs": [
          "nixpkgs"
        ]
      },
      "locked": {
        "lastModified": 1648544490,
        "narHash": "sha256-EoBDcccV70tfz2LAs5lK0BjC7en5mzUVlgLsd5E6DW4=",
        "owner": "nmattia",
        "repo": "naersk",
        "rev": "e30ef9a5ce9b3de8bb438f15829c50f9525ca730",
        "type": "github"
      },
      "original": {
        "owner": "nmattia",
        "repo": "naersk",
        "type": "github"
      }
    },
    "nixpkgs": {
      "locked": {
        "lastModified": 1648764245,
        "narHash": "sha256-K+BqEUFRAG9Aka91OTxqR5GPCNigjZX2uNKuBWtW7M4=",
        "owner": "NixOS",
        "repo": "nixpkgs",
        "rev": "29ac6896e4c681b4c29896d6cfd8aeddb56c7887",
        "type": "github"
      },
      "original": {
        "owner": "NixOS",
        "ref": "master",
        "repo": "nixpkgs",
        "type": "github"
      }
    },
    "nixpkgs_2": {
      "locked": {
        "lastModified": 1637453606,
        "narHash": "sha256-Gy6cwUswft9xqsjWxFYEnx/63/qzaFUwatcbV5GF/GQ=",
        "owner": "NixOS",
        "repo": "nixpkgs",
        "rev": "8afc4e543663ca0a6a4f496262cd05233737e732",
        "type": "github"
      },
      "original": {
        "owner": "NixOS",
        "ref": "nixpkgs-unstable",
        "repo": "nixpkgs",
        "type": "github"
      }
    },
    "root": {
      "inputs": {
        "flake-utils": "flake-utils",
        "naersk": "naersk",
        "nixpkgs": "nixpkgs",
        "rust-overlay": "rust-overlay",
        "shellcaster": "shellcaster"
      }
    },
    "rust-overlay": {
      "inputs": {
        "flake-utils": "flake-utils_2",
        "nixpkgs": "nixpkgs_2"
      },
      "locked": {
        "lastModified": 1648694045,
        "narHash": "sha256-agxkWcTFdMNHJ28kmHOHtKbjI/Svxigi7SjQU0rjoRI=",
        "owner": "oxalica",
        "repo": "rust-overlay",
        "rev": "89bc2470e961048669227c041458b878f2e5fa56",
        "type": "github"
      },
      "original": {
        "owner": "oxalica",
        "repo": "rust-overlay",
        "type": "github"
      }
    },
    "shellcaster": {
      "flake": false,
      "locked": {
        "lastModified": 1646344197,
        "narHash": "sha256-Fzoo6HkIQRtecpitW36IgsHKwCE9Sqh4KofJNp9qMSY=",
        "owner": "jeff-hughes",
        "repo": "shellcaster",
        "rev": "a29f0a4eca6365d0b62b94d388a1100accc4143b",
        "type": "github"
      },
      "original": {
        "owner": "jeff-hughes",
        "repo": "shellcaster",
        "type": "github"
      }
    }
  },
  "root": "root",
  "version": 7
}
