{
  "nodes": {
    "devshell": {
      "locked": {
        "lastModified": 1604560786,
        "narHash": "sha256-4rsc0Tio5a7ErVWI75Win/Y3IDn17V1MK28LusERBs8=",
        "owner": "numtide",
        "repo": "devshell",
        "rev": "69b1e40283ac262b557b596a8211c0c05040c9ef",
        "type": "github"
      },
      "original": {
        "owner": "numtide",
        "ref": "packages-from",
        "repo": "devshell",
        "type": "github"
      }
    },
    "flake-utils": {
      "locked": {
        "lastModified": 1642700792,
        "narHash": "sha256-XqHrk7hFb+zBvRg6Ghl+AZDq03ov6OshJLiSWOoX5es=",
        "owner": "numtide",
        "repo": "flake-utils",
        "rev": "846b2ae0fc4cc943637d3d1def4454213e203cba",
        "type": "github"
      },
      "original": {
        "owner": "numtide",
        "repo": "flake-utils",
        "type": "github"
      }
    },
    "mozilla-overlay": {
      "flake": false,
      "locked": {
        "lastModified": 1643634764,
        "narHash": "sha256-EcFlgzZnZSHwZixELYV1pa267t+u5mCeLhSNBeAA/+c=",
        "owner": "mozilla",
        "repo": "nixpkgs-mozilla",
        "rev": "f233fdc4ff6ba2ffeb1e3e3cd6d63bb1297d6996",
        "type": "github"
      },
      "original": {
        "owner": "mozilla",
        "repo": "nixpkgs-mozilla",
        "type": "github"
      }
    },
    "naersk": {
      "inputs": {
        "nixpkgs": [
          "nixpkgs"
        ]
      },
      "locked": {
        "lastModified": 1639947939,
        "narHash": "sha256-pGsM8haJadVP80GFq4xhnSpNitYNQpaXk4cnA796Cso=",
        "owner": "nmattia",
        "repo": "naersk",
        "rev": "2fc8ce9d3c025d59fee349c1f80be9785049d653",
        "type": "github"
      },
      "original": {
        "owner": "nmattia",
        "repo": "naersk",
        "type": "github"
      }
    },
    "nixpkgs": {
      "locked": {
        "lastModified": 1644106772,
        "narHash": "sha256-9Rj5j3aEpXM9E8UPE/KJq2DPB6lWucFfgibxwFByA70=",
        "owner": "NixOS",
        "repo": "nixpkgs",
        "rev": "91e0ecf1f103170237df3628c2c46cfe75212867",
        "type": "github"
      },
      "original": {
        "owner": "NixOS",
        "ref": "master",
        "repo": "nixpkgs",
        "type": "github"
      }
    },
    "root": {
      "inputs": {
        "devshell": "devshell",
        "flake-utils": "flake-utils",
        "mozilla-overlay": "mozilla-overlay",
        "naersk": "naersk",
        "nixpkgs": "nixpkgs",
        "shellcaster": "shellcaster"
      }
    },
    "shellcaster": {
      "flake": false,
      "locked": {
        "lastModified": 1631141486,
        "narHash": "sha256-ETOkONKwbbdcqM6Sbnof7K/ciFqLQhcVwMK92/ara98=",
        "owner": "jeff-hughes",
        "repo": "shellcaster",
        "rev": "e380c02a0f27fcdc1e3a236b1910f47efbbafadc",
        "type": "github"
      },
      "original": {
        "owner": "jeff-hughes",
        "repo": "shellcaster",
        "type": "github"
      }
    }
  },
  "root": "root",
  "version": 7
}
