{
  "nodes": {
    "devshell": {
      "locked": {
        "lastModified": 1604560786,
        "narHash": "sha256-4rsc0Tio5a7ErVWI75Win/Y3IDn17V1MK28LusERBs8=",
        "owner": "numtide",
        "repo": "devshell",
        "rev": "69b1e40283ac262b557b596a8211c0c05040c9ef",
        "type": "github"
      },
      "original": {
        "owner": "numtide",
        "ref": "packages-from",
        "repo": "devshell",
        "type": "github"
      }
    },
    "flake-utils": {
      "locked": {
        "lastModified": 1648297722,
        "narHash": "sha256-W+qlPsiZd8F3XkzXOzAoR+mpFqzm3ekQkJNa+PIh1BQ=",
        "owner": "numtide",
        "repo": "flake-utils",
        "rev": "0f8662f1319ad6abf89b3380dd2722369fc51ade",
        "type": "github"
      },
      "original": {
        "owner": "numtide",
        "repo": "flake-utils",
        "type": "github"
      }
    },
    "mozilla-overlay": {
      "flake": false,
      "locked": {
        "lastModified": 1645464064,
        "narHash": "sha256-YeN4bpPvHkVOpQzb8APTAfE7/R+MFMwJUMkqmfvytSk=",
        "owner": "mozilla",
        "repo": "nixpkgs-mozilla",
        "rev": "15b7a05f20aab51c4ffbefddb1b448e862dccb7d",
        "type": "github"
      },
      "original": {
        "owner": "mozilla",
        "repo": "nixpkgs-mozilla",
        "type": "github"
      }
    },
    "naersk": {
      "inputs": {
        "nixpkgs": [
          "nixpkgs"
        ]
      },
      "locked": {
        "lastModified": 1648544490,
        "narHash": "sha256-EoBDcccV70tfz2LAs5lK0BjC7en5mzUVlgLsd5E6DW4=",
        "owner": "nmattia",
        "repo": "naersk",
        "rev": "e30ef9a5ce9b3de8bb438f15829c50f9525ca730",
        "type": "github"
      },
      "original": {
        "owner": "nmattia",
        "repo": "naersk",
        "type": "github"
      }
    },
    "nixpkgs": {
      "locked": {
        "lastModified": 1648764245,
        "narHash": "sha256-K+BqEUFRAG9Aka91OTxqR5GPCNigjZX2uNKuBWtW7M4=",
        "owner": "NixOS",
        "repo": "nixpkgs",
        "rev": "29ac6896e4c681b4c29896d6cfd8aeddb56c7887",
        "type": "github"
      },
      "original": {
        "owner": "NixOS",
        "ref": "master",
        "repo": "nixpkgs",
        "type": "github"
      }
    },
    "root": {
      "inputs": {
        "devshell": "devshell",
        "flake-utils": "flake-utils",
        "mozilla-overlay": "mozilla-overlay",
        "naersk": "naersk",
        "nixpkgs": "nixpkgs",
        "shellcaster": "shellcaster"
      }
    },
    "shellcaster": {
      "flake": false,
      "locked": {
        "lastModified": 1646344197,
        "narHash": "sha256-Fzoo6HkIQRtecpitW36IgsHKwCE9Sqh4KofJNp9qMSY=",
        "owner": "jeff-hughes",
        "repo": "shellcaster",
        "rev": "a29f0a4eca6365d0b62b94d388a1100accc4143b",
        "type": "github"
      },
      "original": {
        "owner": "jeff-hughes",
        "repo": "shellcaster",
        "type": "github"
      }
    }
  },
  "root": "root",
  "version": 7
}
